
Microsoft Visual Studio Solution File, Format Version 12.00
# Visual Studio Version 17
VisualStudioVersion = 17.8.34330.188
MinimumVisualStudioVersion = 10.0.40219.1
Project("{8BC9CEB8-8B4A-11D0-8D11-00A0C91BC942}") = "basic-raytracer", "basic-raytracer.vcxproj", "{889ECFB7-24ED-40C6-98D2-35713A5F1C1E}"
EndProject
Global
	GlobalSection(SolutionConfigurationPlatforms) = preSolution
		Debug|x64 = Debug|x64
		Debug|x86 = Debug|x86
		Release|x64 = Release|x64
		Release|x86 = Release|x86
	EndGlobalSection
	GlobalSection(ProjectConfigurationPlatforms) = postSolution
		{889ECFB7-24ED-40C6-98D2-35713A5F1C1E}.Debug|x64.ActiveCfg = Debug|x64
		{889ECFB7-24ED-40C6-98D2-35713A5F1C1E}.Debug|x64.Build.0 = Debug|x64
		{889ECFB7-24ED-40C6-98D2-35713A5F1C1E}.Debug|x86.ActiveCfg = Debug|Win32
		{889ECFB7-24ED-40C6-98D2-35713A5F1C1E}.Debug|x86.Build.0 = Debug|Win32
		{889ECFB7-24ED-40C6-98D2-35713A5F1C1E}.Release|x64.ActiveCfg = Release|x64
		{889ECFB7-24ED-40C6-98D2-35713A5F1C1E}.Release|x64.Build.0 = Release|x64
		{889ECFB7-24ED-40C6-98D2-35713A5F1C1E}.Release|x86.ActiveCfg = Release|Win32
		{889ECFB7-24ED-40C6-98D2-35713A5F1C1E}.Release|x86.Build.0 = Release|Win32
	EndGlobalSection
	GlobalSection(SolutionProperties) = preSolution
		HideSolutionNode = FALSE
	EndGlobalSection
	GlobalSection(ExtensibilityGlobals) = postSolution
		SolutionGuid = {D001BA62-E150-4BD0-90D7-3ED6B56DB373}
	EndGlobalSection
EndGlobal
